
Microsoft Visual Studio Solution File, Format Version 12.00
# Visual Studio 15
VisualStudioVersion = 15.0.28307.271
MinimumVisualStudioVersion = 10.0.40219.1
Project("{9A19103F-16F7-4668-BE54-9A1E7A4F7556}") = "HairAppBl", "HairAppBl\HairAppBl.csproj", "{FB711B28-84DF-41E7-8728-32A3AB486A18}"
EndProject
Project("{9A19103F-16F7-4668-BE54-9A1E7A4F7556}") = "HairAppBl.test", "HairAppBl.test\HairAppBl.test.csproj", "{56185EB6-B76C-44BB-8A68-A7706813E962}"
EndProject
Project("{9A19103F-16F7-4668-BE54-9A1E7A4F7556}") = "HairApp.test", "HairApp.test\HairApp.test.csproj", "{A9C0C223-969E-4E45-BBCD-3CB4437B85A8}"
EndProject
Global
	GlobalSection(SolutionConfigurationPlatforms) = preSolution
		Debug|Any CPU = Debug|Any CPU
		Release|Any CPU = Release|Any CPU
	EndGlobalSection
	GlobalSection(ProjectConfigurationPlatforms) = postSolution
		{FB711B28-84DF-41E7-8728-32A3AB486A18}.Debug|Any CPU.ActiveCfg = Debug|Any CPU
		{FB711B28-84DF-41E7-8728-32A3AB486A18}.Debug|Any CPU.Build.0 = Debug|Any CPU
		{FB711B28-84DF-41E7-8728-32A3AB486A18}.Release|Any CPU.ActiveCfg = Release|Any CPU
		{FB711B28-84DF-41E7-8728-32A3AB486A18}.Release|Any CPU.Build.0 = Release|Any CPU
		{56185EB6-B76C-44BB-8A68-A7706813E962}.Debug|Any CPU.ActiveCfg = Debug|Any CPU
		{56185EB6-B76C-44BB-8A68-A7706813E962}.Debug|Any CPU.Build.0 = Debug|Any CPU
		{56185EB6-B76C-44BB-8A68-A7706813E962}.Release|Any CPU.ActiveCfg = Release|Any CPU
		{56185EB6-B76C-44BB-8A68-A7706813E962}.Release|Any CPU.Build.0 = Release|Any CPU
		{A9C0C223-969E-4E45-BBCD-3CB4437B85A8}.Debug|Any CPU.ActiveCfg = Debug|Any CPU
		{A9C0C223-969E-4E45-BBCD-3CB4437B85A8}.Debug|Any CPU.Build.0 = Debug|Any CPU
		{A9C0C223-969E-4E45-BBCD-3CB4437B85A8}.Release|Any CPU.ActiveCfg = Release|Any CPU
		{A9C0C223-969E-4E45-BBCD-3CB4437B85A8}.Release|Any CPU.Build.0 = Release|Any CPU
	EndGlobalSection
	GlobalSection(SolutionProperties) = preSolution
		HideSolutionNode = FALSE
	EndGlobalSection
	GlobalSection(ExtensibilityGlobals) = postSolution
		SolutionGuid = {BE47C069-F0E8-491D-89C5-3BECBA4A6336}
	EndGlobalSection
EndGlobal
