
Microsoft Visual Studio Solution File, Format Version 12.00
# Visual Studio 15
VisualStudioVersion = 15.0.28307.271
MinimumVisualStudioVersion = 10.0.40219.1
Project("{FAE04EC0-301F-11D3-BF4B-00C04F79EFBC}") = "HairApp.Android", "HairApp\HairApp.Android\HairApp.Android.csproj", "{E670B5E0-3D6B-4ECE-9690-D64C3DF21240}"
EndProject
Project("{FAE04EC0-301F-11D3-BF4B-00C04F79EFBC}") = "HairApp.iOS", "HairApp\HairApp.iOS\HairApp.iOS.csproj", "{2029EE35-8EBC-4855-91FD-D294A74381E5}"
EndProject
Project("{9A19103F-16F7-4668-BE54-9A1E7A4F7556}") = "HairApp", "HairApp\HairApp\HairApp.csproj", "{7D9A59AF-CE29-4D7B-8523-D6AE8816D903}"
EndProject
Project("{9A19103F-16F7-4668-BE54-9A1E7A4F7556}") = "HairAppBl", "HairAppBl\HairAppBl.csproj", "{DC652F9D-F91A-498E-A7EF-B56A619EB8EC}"
EndProject
Project("{9A19103F-16F7-4668-BE54-9A1E7A4F7556}") = "HairAppBl.test", "HairAppBl.test\HairAppBl.test.csproj", "{BEE5C870-4A66-4DC5-A585-018B83378087}"
EndProject
Project("{2150E333-8FDC-42A3-9474-1A3956D46DE8}") = "Solution Items", "Solution Items", "{0564DA8C-3673-430D-94BB-304C4FE6685A}"
	ProjectSection(SolutionItems) = preProject
		azure-pipelines.yml = azure-pipelines.yml
	EndProjectSection
EndProject
Global
	GlobalSection(SolutionConfigurationPlatforms) = preSolution
		Ad-Hoc|Any CPU = Ad-Hoc|Any CPU
		Ad-Hoc|ARM = Ad-Hoc|ARM
		Ad-Hoc|ARM64 = Ad-Hoc|ARM64
		Ad-Hoc|iPhone = Ad-Hoc|iPhone
		Ad-Hoc|iPhoneSimulator = Ad-Hoc|iPhoneSimulator
		Ad-Hoc|x64 = Ad-Hoc|x64
		Ad-Hoc|x86 = Ad-Hoc|x86
		AppStore|Any CPU = AppStore|Any CPU
		AppStore|ARM = AppStore|ARM
		AppStore|ARM64 = AppStore|ARM64
		AppStore|iPhone = AppStore|iPhone
		AppStore|iPhoneSimulator = AppStore|iPhoneSimulator
		AppStore|x64 = AppStore|x64
		AppStore|x86 = AppStore|x86
		Debug|Any CPU = Debug|Any CPU
		Debug|ARM = Debug|ARM
		Debug|ARM64 = Debug|ARM64
		Debug|iPhone = Debug|iPhone
		Debug|iPhoneSimulator = Debug|iPhoneSimulator
		Debug|x64 = Debug|x64
		Debug|x86 = Debug|x86
		Release|Any CPU = Release|Any CPU
		Release|ARM = Release|ARM
		Release|ARM64 = Release|ARM64
		Release|iPhone = Release|iPhone
		Release|iPhoneSimulator = Release|iPhoneSimulator
		Release|x64 = Release|x64
		Release|x86 = Release|x86
	EndGlobalSection
	GlobalSection(ProjectConfigurationPlatforms) = postSolution
		{E670B5E0-3D6B-4ECE-9690-D64C3DF21240}.Ad-Hoc|Any CPU.ActiveCfg = Release|Any CPU
		{E670B5E0-3D6B-4ECE-9690-D64C3DF21240}.Ad-Hoc|Any CPU.Build.0 = Release|Any CPU
		{E670B5E0-3D6B-4ECE-9690-D64C3DF21240}.Ad-Hoc|Any CPU.Deploy.0 = Release|Any CPU
		{E670B5E0-3D6B-4ECE-9690-D64C3DF21240}.Ad-Hoc|ARM.ActiveCfg = Debug|Any CPU
		{E670B5E0-3D6B-4ECE-9690-D64C3DF21240}.Ad-Hoc|ARM.Build.0 = Debug|Any CPU
		{E670B5E0-3D6B-4ECE-9690-D64C3DF21240}.Ad-Hoc|ARM.Deploy.0 = Debug|Any CPU
		{E670B5E0-3D6B-4ECE-9690-D64C3DF21240}.Ad-Hoc|ARM64.ActiveCfg = Debug|Any CPU
		{E670B5E0-3D6B-4ECE-9690-D64C3DF21240}.Ad-Hoc|ARM64.Build.0 = Debug|Any CPU
		{E670B5E0-3D6B-4ECE-9690-D64C3DF21240}.Ad-Hoc|ARM64.Deploy.0 = Debug|Any CPU
		{E670B5E0-3D6B-4ECE-9690-D64C3DF21240}.Ad-Hoc|iPhone.ActiveCfg = Release|Any CPU
		{E670B5E0-3D6B-4ECE-9690-D64C3DF21240}.Ad-Hoc|iPhone.Build.0 = Release|Any CPU
		{E670B5E0-3D6B-4ECE-9690-D64C3DF21240}.Ad-Hoc|iPhone.Deploy.0 = Release|Any CPU
		{E670B5E0-3D6B-4ECE-9690-D64C3DF21240}.Ad-Hoc|iPhoneSimulator.ActiveCfg = Release|Any CPU
		{E670B5E0-3D6B-4ECE-9690-D64C3DF21240}.Ad-Hoc|iPhoneSimulator.Build.0 = Release|Any CPU
		{E670B5E0-3D6B-4ECE-9690-D64C3DF21240}.Ad-Hoc|iPhoneSimulator.Deploy.0 = Release|Any CPU
		{E670B5E0-3D6B-4ECE-9690-D64C3DF21240}.Ad-Hoc|x64.ActiveCfg = Debug|Any CPU
		{E670B5E0-3D6B-4ECE-9690-D64C3DF21240}.Ad-Hoc|x64.Build.0 = Debug|Any CPU
		{E670B5E0-3D6B-4ECE-9690-D64C3DF21240}.Ad-Hoc|x64.Deploy.0 = Debug|Any CPU
		{E670B5E0-3D6B-4ECE-9690-D64C3DF21240}.Ad-Hoc|x86.ActiveCfg = Debug|Any CPU
		{E670B5E0-3D6B-4ECE-9690-D64C3DF21240}.Ad-Hoc|x86.Build.0 = Debug|Any CPU
		{E670B5E0-3D6B-4ECE-9690-D64C3DF21240}.Ad-Hoc|x86.Deploy.0 = Debug|Any CPU
		{E670B5E0-3D6B-4ECE-9690-D64C3DF21240}.AppStore|Any CPU.ActiveCfg = Release|Any CPU
		{E670B5E0-3D6B-4ECE-9690-D64C3DF21240}.AppStore|Any CPU.Build.0 = Release|Any CPU
		{E670B5E0-3D6B-4ECE-9690-D64C3DF21240}.AppStore|Any CPU.Deploy.0 = Release|Any CPU
		{E670B5E0-3D6B-4ECE-9690-D64C3DF21240}.AppStore|ARM.ActiveCfg = Debug|Any CPU
		{E670B5E0-3D6B-4ECE-9690-D64C3DF21240}.AppStore|ARM.Build.0 = Debug|Any CPU
		{E670B5E0-3D6B-4ECE-9690-D64C3DF21240}.AppStore|ARM.Deploy.0 = Debug|Any CPU
		{E670B5E0-3D6B-4ECE-9690-D64C3DF21240}.AppStore|ARM64.ActiveCfg = Debug|Any CPU
		{E670B5E0-3D6B-4ECE-9690-D64C3DF21240}.AppStore|ARM64.Build.0 = Debug|Any CPU
		{E670B5E0-3D6B-4ECE-9690-D64C3DF21240}.AppStore|ARM64.Deploy.0 = Debug|Any CPU
		{E670B5E0-3D6B-4ECE-9690-D64C3DF21240}.AppStore|iPhone.ActiveCfg = Release|Any CPU
		{E670B5E0-3D6B-4ECE-9690-D64C3DF21240}.AppStore|iPhone.Build.0 = Release|Any CPU
		{E670B5E0-3D6B-4ECE-9690-D64C3DF21240}.AppStore|iPhone.Deploy.0 = Release|Any CPU
		{E670B5E0-3D6B-4ECE-9690-D64C3DF21240}.AppStore|iPhoneSimulator.ActiveCfg = Release|Any CPU
		{E670B5E0-3D6B-4ECE-9690-D64C3DF21240}.AppStore|iPhoneSimulator.Build.0 = Release|Any CPU
		{E670B5E0-3D6B-4ECE-9690-D64C3DF21240}.AppStore|iPhoneSimulator.Deploy.0 = Release|Any CPU
		{E670B5E0-3D6B-4ECE-9690-D64C3DF21240}.AppStore|x64.ActiveCfg = Debug|Any CPU
		{E670B5E0-3D6B-4ECE-9690-D64C3DF21240}.AppStore|x64.Build.0 = Debug|Any CPU
		{E670B5E0-3D6B-4ECE-9690-D64C3DF21240}.AppStore|x64.Deploy.0 = Debug|Any CPU
		{E670B5E0-3D6B-4ECE-9690-D64C3DF21240}.AppStore|x86.ActiveCfg = Debug|Any CPU
		{E670B5E0-3D6B-4ECE-9690-D64C3DF21240}.AppStore|x86.Build.0 = Debug|Any CPU
		{E670B5E0-3D6B-4ECE-9690-D64C3DF21240}.AppStore|x86.Deploy.0 = Debug|Any CPU
		{E670B5E0-3D6B-4ECE-9690-D64C3DF21240}.Debug|Any CPU.ActiveCfg = Debug|Any CPU
		{E670B5E0-3D6B-4ECE-9690-D64C3DF21240}.Debug|Any CPU.Build.0 = Debug|Any CPU
		{E670B5E0-3D6B-4ECE-9690-D64C3DF21240}.Debug|Any CPU.Deploy.0 = Debug|Any CPU
		{E670B5E0-3D6B-4ECE-9690-D64C3DF21240}.Debug|ARM.ActiveCfg = Debug|Any CPU
		{E670B5E0-3D6B-4ECE-9690-D64C3DF21240}.Debug|ARM.Build.0 = Debug|Any CPU
		{E670B5E0-3D6B-4ECE-9690-D64C3DF21240}.Debug|ARM.Deploy.0 = Debug|Any CPU
		{E670B5E0-3D6B-4ECE-9690-D64C3DF21240}.Debug|ARM64.ActiveCfg = Debug|Any CPU
		{E670B5E0-3D6B-4ECE-9690-D64C3DF21240}.Debug|ARM64.Build.0 = Debug|Any CPU
		{E670B5E0-3D6B-4ECE-9690-D64C3DF21240}.Debug|ARM64.Deploy.0 = Debug|Any CPU
		{E670B5E0-3D6B-4ECE-9690-D64C3DF21240}.Debug|iPhone.ActiveCfg = Debug|Any CPU
		{E670B5E0-3D6B-4ECE-9690-D64C3DF21240}.Debug|iPhone.Build.0 = Debug|Any CPU
		{E670B5E0-3D6B-4ECE-9690-D64C3DF21240}.Debug|iPhone.Deploy.0 = Debug|Any CPU
		{E670B5E0-3D6B-4ECE-9690-D64C3DF21240}.Debug|iPhoneSimulator.ActiveCfg = Debug|Any CPU
		{E670B5E0-3D6B-4ECE-9690-D64C3DF21240}.Debug|iPhoneSimulator.Build.0 = Debug|Any CPU
		{E670B5E0-3D6B-4ECE-9690-D64C3DF21240}.Debug|iPhoneSimulator.Deploy.0 = Debug|Any CPU
		{E670B5E0-3D6B-4ECE-9690-D64C3DF21240}.Debug|x64.ActiveCfg = Debug|Any CPU
		{E670B5E0-3D6B-4ECE-9690-D64C3DF21240}.Debug|x64.Build.0 = Debug|Any CPU
		{E670B5E0-3D6B-4ECE-9690-D64C3DF21240}.Debug|x64.Deploy.0 = Debug|Any CPU
		{E670B5E0-3D6B-4ECE-9690-D64C3DF21240}.Debug|x86.ActiveCfg = Debug|Any CPU
		{E670B5E0-3D6B-4ECE-9690-D64C3DF21240}.Debug|x86.Build.0 = Debug|Any CPU
		{E670B5E0-3D6B-4ECE-9690-D64C3DF21240}.Debug|x86.Deploy.0 = Debug|Any CPU
		{E670B5E0-3D6B-4ECE-9690-D64C3DF21240}.Release|Any CPU.ActiveCfg = Release|Any CPU
		{E670B5E0-3D6B-4ECE-9690-D64C3DF21240}.Release|Any CPU.Build.0 = Release|Any CPU
		{E670B5E0-3D6B-4ECE-9690-D64C3DF21240}.Release|Any CPU.Deploy.0 = Release|Any CPU
		{E670B5E0-3D6B-4ECE-9690-D64C3DF21240}.Release|ARM.ActiveCfg = Release|Any CPU
		{E670B5E0-3D6B-4ECE-9690-D64C3DF21240}.Release|ARM.Build.0 = Release|Any CPU
		{E670B5E0-3D6B-4ECE-9690-D64C3DF21240}.Release|ARM.Deploy.0 = Release|Any CPU
		{E670B5E0-3D6B-4ECE-9690-D64C3DF21240}.Release|ARM64.ActiveCfg = Release|Any CPU
		{E670B5E0-3D6B-4ECE-9690-D64C3DF21240}.Release|ARM64.Build.0 = Release|Any CPU
		{E670B5E0-3D6B-4ECE-9690-D64C3DF21240}.Release|ARM64.Deploy.0 = Release|Any CPU
		{E670B5E0-3D6B-4ECE-9690-D64C3DF21240}.Release|iPhone.ActiveCfg = Release|Any CPU
		{E670B5E0-3D6B-4ECE-9690-D64C3DF21240}.Release|iPhone.Build.0 = Release|Any CPU
		{E670B5E0-3D6B-4ECE-9690-D64C3DF21240}.Release|iPhone.Deploy.0 = Release|Any CPU
		{E670B5E0-3D6B-4ECE-9690-D64C3DF21240}.Release|iPhoneSimulator.ActiveCfg = Release|Any CPU
		{E670B5E0-3D6B-4ECE-9690-D64C3DF21240}.Release|iPhoneSimulator.Build.0 = Release|Any CPU
		{E670B5E0-3D6B-4ECE-9690-D64C3DF21240}.Release|iPhoneSimulator.Deploy.0 = Release|Any CPU
		{E670B5E0-3D6B-4ECE-9690-D64C3DF21240}.Release|x64.ActiveCfg = Release|Any CPU
		{E670B5E0-3D6B-4ECE-9690-D64C3DF21240}.Release|x64.Build.0 = Release|Any CPU
		{E670B5E0-3D6B-4ECE-9690-D64C3DF21240}.Release|x64.Deploy.0 = Release|Any CPU
		{E670B5E0-3D6B-4ECE-9690-D64C3DF21240}.Release|x86.ActiveCfg = Release|Any CPU
		{E670B5E0-3D6B-4ECE-9690-D64C3DF21240}.Release|x86.Build.0 = Release|Any CPU
		{E670B5E0-3D6B-4ECE-9690-D64C3DF21240}.Release|x86.Deploy.0 = Release|Any CPU
		{2029EE35-8EBC-4855-91FD-D294A74381E5}.Ad-Hoc|Any CPU.ActiveCfg = Ad-Hoc|iPhone
		{2029EE35-8EBC-4855-91FD-D294A74381E5}.Ad-Hoc|Any CPU.Build.0 = Ad-Hoc|iPhone
		{2029EE35-8EBC-4855-91FD-D294A74381E5}.Ad-Hoc|Any CPU.Deploy.0 = Ad-Hoc|iPhone
		{2029EE35-8EBC-4855-91FD-D294A74381E5}.Ad-Hoc|ARM.ActiveCfg = Ad-Hoc|iPhoneSimulator
		{2029EE35-8EBC-4855-91FD-D294A74381E5}.Ad-Hoc|ARM64.ActiveCfg = Ad-Hoc|iPhoneSimulator
		{2029EE35-8EBC-4855-91FD-D294A74381E5}.Ad-Hoc|iPhone.ActiveCfg = Ad-Hoc|iPhone
		{2029EE35-8EBC-4855-91FD-D294A74381E5}.Ad-Hoc|iPhone.Build.0 = Ad-Hoc|iPhone
		{2029EE35-8EBC-4855-91FD-D294A74381E5}.Ad-Hoc|iPhone.Deploy.0 = Ad-Hoc|iPhone
		{2029EE35-8EBC-4855-91FD-D294A74381E5}.Ad-Hoc|iPhoneSimulator.ActiveCfg = Ad-Hoc|iPhoneSimulator
		{2029EE35-8EBC-4855-91FD-D294A74381E5}.Ad-Hoc|iPhoneSimulator.Build.0 = Ad-Hoc|iPhoneSimulator
		{2029EE35-8EBC-4855-91FD-D294A74381E5}.Ad-Hoc|iPhoneSimulator.Deploy.0 = Ad-Hoc|iPhoneSimulator
		{2029EE35-8EBC-4855-91FD-D294A74381E5}.Ad-Hoc|x64.ActiveCfg = Ad-Hoc|iPhoneSimulator
		{2029EE35-8EBC-4855-91FD-D294A74381E5}.Ad-Hoc|x86.ActiveCfg = Ad-Hoc|iPhoneSimulator
		{2029EE35-8EBC-4855-91FD-D294A74381E5}.AppStore|Any CPU.ActiveCfg = AppStore|iPhone
		{2029EE35-8EBC-4855-91FD-D294A74381E5}.AppStore|Any CPU.Build.0 = AppStore|iPhone
		{2029EE35-8EBC-4855-91FD-D294A74381E5}.AppStore|Any CPU.Deploy.0 = AppStore|iPhone
		{2029EE35-8EBC-4855-91FD-D294A74381E5}.AppStore|ARM.ActiveCfg = AppStore|iPhoneSimulator
		{2029EE35-8EBC-4855-91FD-D294A74381E5}.AppStore|ARM64.ActiveCfg = AppStore|iPhoneSimulator
		{2029EE35-8EBC-4855-91FD-D294A74381E5}.AppStore|iPhone.ActiveCfg = AppStore|iPhone
		{2029EE35-8EBC-4855-91FD-D294A74381E5}.AppStore|iPhone.Build.0 = AppStore|iPhone
		{2029EE35-8EBC-4855-91FD-D294A74381E5}.AppStore|iPhone.Deploy.0 = AppStore|iPhone
		{2029EE35-8EBC-4855-91FD-D294A74381E5}.AppStore|iPhoneSimulator.ActiveCfg = AppStore|iPhoneSimulator
		{2029EE35-8EBC-4855-91FD-D294A74381E5}.AppStore|iPhoneSimulator.Build.0 = AppStore|iPhoneSimulator
		{2029EE35-8EBC-4855-91FD-D294A74381E5}.AppStore|iPhoneSimulator.Deploy.0 = AppStore|iPhoneSimulator
		{2029EE35-8EBC-4855-91FD-D294A74381E5}.AppStore|x64.ActiveCfg = AppStore|iPhoneSimulator
		{2029EE35-8EBC-4855-91FD-D294A74381E5}.AppStore|x86.ActiveCfg = AppStore|iPhoneSimulator
		{2029EE35-8EBC-4855-91FD-D294A74381E5}.Debug|Any CPU.ActiveCfg = Debug|iPhoneSimulator
		{2029EE35-8EBC-4855-91FD-D294A74381E5}.Debug|Any CPU.Build.0 = Debug|iPhoneSimulator
		{2029EE35-8EBC-4855-91FD-D294A74381E5}.Debug|Any CPU.Deploy.0 = Debug|iPhoneSimulator
		{2029EE35-8EBC-4855-91FD-D294A74381E5}.Debug|ARM.ActiveCfg = Debug|iPhone
		{2029EE35-8EBC-4855-91FD-D294A74381E5}.Debug|ARM64.ActiveCfg = Debug|iPhone
		{2029EE35-8EBC-4855-91FD-D294A74381E5}.Debug|iPhone.ActiveCfg = Debug|iPhone
		{2029EE35-8EBC-4855-91FD-D294A74381E5}.Debug|iPhone.Build.0 = Debug|iPhone
		{2029EE35-8EBC-4855-91FD-D294A74381E5}.Debug|iPhone.Deploy.0 = Debug|iPhone
		{2029EE35-8EBC-4855-91FD-D294A74381E5}.Debug|iPhoneSimulator.ActiveCfg = Debug|iPhoneSimulator
		{2029EE35-8EBC-4855-91FD-D294A74381E5}.Debug|iPhoneSimulator.Build.0 = Debug|iPhoneSimulator
		{2029EE35-8EBC-4855-91FD-D294A74381E5}.Debug|iPhoneSimulator.Deploy.0 = Debug|iPhoneSimulator
		{2029EE35-8EBC-4855-91FD-D294A74381E5}.Debug|x64.ActiveCfg = Debug|iPhone
		{2029EE35-8EBC-4855-91FD-D294A74381E5}.Debug|x86.ActiveCfg = Debug|iPhone
		{2029EE35-8EBC-4855-91FD-D294A74381E5}.Release|Any CPU.ActiveCfg = Release|iPhone
		{2029EE35-8EBC-4855-91FD-D294A74381E5}.Release|Any CPU.Build.0 = Release|iPhone
		{2029EE35-8EBC-4855-91FD-D294A74381E5}.Release|Any CPU.Deploy.0 = Release|iPhone
		{2029EE35-8EBC-4855-91FD-D294A74381E5}.Release|ARM.ActiveCfg = Release|iPhoneSimulator
		{2029EE35-8EBC-4855-91FD-D294A74381E5}.Release|ARM64.ActiveCfg = Release|iPhoneSimulator
		{2029EE35-8EBC-4855-91FD-D294A74381E5}.Release|iPhone.ActiveCfg = Release|iPhone
		{2029EE35-8EBC-4855-91FD-D294A74381E5}.Release|iPhone.Build.0 = Release|iPhone
		{2029EE35-8EBC-4855-91FD-D294A74381E5}.Release|iPhone.Deploy.0 = Release|iPhone
		{2029EE35-8EBC-4855-91FD-D294A74381E5}.Release|iPhoneSimulator.ActiveCfg = Release|iPhoneSimulator
		{2029EE35-8EBC-4855-91FD-D294A74381E5}.Release|iPhoneSimulator.Build.0 = Release|iPhoneSimulator
		{2029EE35-8EBC-4855-91FD-D294A74381E5}.Release|iPhoneSimulator.Deploy.0 = Release|iPhoneSimulator
		{2029EE35-8EBC-4855-91FD-D294A74381E5}.Release|x64.ActiveCfg = Release|iPhoneSimulator
		{2029EE35-8EBC-4855-91FD-D294A74381E5}.Release|x86.ActiveCfg = Release|iPhoneSimulator
		{7D9A59AF-CE29-4D7B-8523-D6AE8816D903}.Ad-Hoc|Any CPU.ActiveCfg = Debug|Any CPU
		{7D9A59AF-CE29-4D7B-8523-D6AE8816D903}.Ad-Hoc|Any CPU.Build.0 = Debug|Any CPU
		{7D9A59AF-CE29-4D7B-8523-D6AE8816D903}.Ad-Hoc|Any CPU.Deploy.0 = Debug|Any CPU
		{7D9A59AF-CE29-4D7B-8523-D6AE8816D903}.Ad-Hoc|ARM.ActiveCfg = Release|Any CPU
		{7D9A59AF-CE29-4D7B-8523-D6AE8816D903}.Ad-Hoc|ARM.Build.0 = Release|Any CPU
		{7D9A59AF-CE29-4D7B-8523-D6AE8816D903}.Ad-Hoc|ARM64.ActiveCfg = Release|Any CPU
		{7D9A59AF-CE29-4D7B-8523-D6AE8816D903}.Ad-Hoc|ARM64.Build.0 = Release|Any CPU
		{7D9A59AF-CE29-4D7B-8523-D6AE8816D903}.Ad-Hoc|iPhone.ActiveCfg = Debug|Any CPU
		{7D9A59AF-CE29-4D7B-8523-D6AE8816D903}.Ad-Hoc|iPhone.Build.0 = Debug|Any CPU
		{7D9A59AF-CE29-4D7B-8523-D6AE8816D903}.Ad-Hoc|iPhone.Deploy.0 = Debug|Any CPU
		{7D9A59AF-CE29-4D7B-8523-D6AE8816D903}.Ad-Hoc|iPhoneSimulator.ActiveCfg = Debug|Any CPU
		{7D9A59AF-CE29-4D7B-8523-D6AE8816D903}.Ad-Hoc|iPhoneSimulator.Build.0 = Debug|Any CPU
		{7D9A59AF-CE29-4D7B-8523-D6AE8816D903}.Ad-Hoc|iPhoneSimulator.Deploy.0 = Debug|Any CPU
		{7D9A59AF-CE29-4D7B-8523-D6AE8816D903}.Ad-Hoc|x64.ActiveCfg = Release|Any CPU
		{7D9A59AF-CE29-4D7B-8523-D6AE8816D903}.Ad-Hoc|x64.Build.0 = Release|Any CPU
		{7D9A59AF-CE29-4D7B-8523-D6AE8816D903}.Ad-Hoc|x86.ActiveCfg = Release|Any CPU
		{7D9A59AF-CE29-4D7B-8523-D6AE8816D903}.Ad-Hoc|x86.Build.0 = Release|Any CPU
		{7D9A59AF-CE29-4D7B-8523-D6AE8816D903}.AppStore|Any CPU.ActiveCfg = Debug|Any CPU
		{7D9A59AF-CE29-4D7B-8523-D6AE8816D903}.AppStore|Any CPU.Build.0 = Debug|Any CPU
		{7D9A59AF-CE29-4D7B-8523-D6AE8816D903}.AppStore|Any CPU.Deploy.0 = Debug|Any CPU
		{7D9A59AF-CE29-4D7B-8523-D6AE8816D903}.AppStore|ARM.ActiveCfg = Release|Any CPU
		{7D9A59AF-CE29-4D7B-8523-D6AE8816D903}.AppStore|ARM.Build.0 = Release|Any CPU
		{7D9A59AF-CE29-4D7B-8523-D6AE8816D903}.AppStore|ARM64.ActiveCfg = Release|Any CPU
		{7D9A59AF-CE29-4D7B-8523-D6AE8816D903}.AppStore|ARM64.Build.0 = Release|Any CPU
		{7D9A59AF-CE29-4D7B-8523-D6AE8816D903}.AppStore|iPhone.ActiveCfg = Debug|Any CPU
		{7D9A59AF-CE29-4D7B-8523-D6AE8816D903}.AppStore|iPhone.Build.0 = Debug|Any CPU
		{7D9A59AF-CE29-4D7B-8523-D6AE8816D903}.AppStore|iPhone.Deploy.0 = Debug|Any CPU
		{7D9A59AF-CE29-4D7B-8523-D6AE8816D903}.AppStore|iPhoneSimulator.ActiveCfg = Debug|Any CPU
		{7D9A59AF-CE29-4D7B-8523-D6AE8816D903}.AppStore|iPhoneSimulator.Build.0 = Debug|Any CPU
		{7D9A59AF-CE29-4D7B-8523-D6AE8816D903}.AppStore|iPhoneSimulator.Deploy.0 = Debug|Any CPU
		{7D9A59AF-CE29-4D7B-8523-D6AE8816D903}.AppStore|x64.ActiveCfg = Release|Any CPU
		{7D9A59AF-CE29-4D7B-8523-D6AE8816D903}.AppStore|x64.Build.0 = Release|Any CPU
		{7D9A59AF-CE29-4D7B-8523-D6AE8816D903}.AppStore|x86.ActiveCfg = Release|Any CPU
		{7D9A59AF-CE29-4D7B-8523-D6AE8816D903}.AppStore|x86.Build.0 = Release|Any CPU
		{7D9A59AF-CE29-4D7B-8523-D6AE8816D903}.Debug|Any CPU.ActiveCfg = Debug|Any CPU
		{7D9A59AF-CE29-4D7B-8523-D6AE8816D903}.Debug|Any CPU.Build.0 = Debug|Any CPU
		{7D9A59AF-CE29-4D7B-8523-D6AE8816D903}.Debug|Any CPU.Deploy.0 = Debug|Any CPU
		{7D9A59AF-CE29-4D7B-8523-D6AE8816D903}.Debug|ARM.ActiveCfg = Debug|Any CPU
		{7D9A59AF-CE29-4D7B-8523-D6AE8816D903}.Debug|ARM.Build.0 = Debug|Any CPU
		{7D9A59AF-CE29-4D7B-8523-D6AE8816D903}.Debug|ARM64.ActiveCfg = Debug|Any CPU
		{7D9A59AF-CE29-4D7B-8523-D6AE8816D903}.Debug|ARM64.Build.0 = Debug|Any CPU
		{7D9A59AF-CE29-4D7B-8523-D6AE8816D903}.Debug|iPhone.ActiveCfg = Debug|Any CPU
		{7D9A59AF-CE29-4D7B-8523-D6AE8816D903}.Debug|iPhone.Build.0 = Debug|Any CPU
		{7D9A59AF-CE29-4D7B-8523-D6AE8816D903}.Debug|iPhone.Deploy.0 = Debug|Any CPU
		{7D9A59AF-CE29-4D7B-8523-D6AE8816D903}.Debug|iPhoneSimulator.ActiveCfg = Debug|Any CPU
		{7D9A59AF-CE29-4D7B-8523-D6AE8816D903}.Debug|iPhoneSimulator.Build.0 = Debug|Any CPU
		{7D9A59AF-CE29-4D7B-8523-D6AE8816D903}.Debug|iPhoneSimulator.Deploy.0 = Debug|Any CPU
		{7D9A59AF-CE29-4D7B-8523-D6AE8816D903}.Debug|x64.ActiveCfg = Debug|Any CPU
		{7D9A59AF-CE29-4D7B-8523-D6AE8816D903}.Debug|x64.Build.0 = Debug|Any CPU
		{7D9A59AF-CE29-4D7B-8523-D6AE8816D903}.Debug|x86.ActiveCfg = Debug|Any CPU
		{7D9A59AF-CE29-4D7B-8523-D6AE8816D903}.Debug|x86.Build.0 = Debug|Any CPU
		{7D9A59AF-CE29-4D7B-8523-D6AE8816D903}.Release|Any CPU.ActiveCfg = Release|Any CPU
		{7D9A59AF-CE29-4D7B-8523-D6AE8816D903}.Release|Any CPU.Build.0 = Release|Any CPU
		{7D9A59AF-CE29-4D7B-8523-D6AE8816D903}.Release|Any CPU.Deploy.0 = Release|Any CPU
		{7D9A59AF-CE29-4D7B-8523-D6AE8816D903}.Release|ARM.ActiveCfg = Release|Any CPU
		{7D9A59AF-CE29-4D7B-8523-D6AE8816D903}.Release|ARM.Build.0 = Release|Any CPU
		{7D9A59AF-CE29-4D7B-8523-D6AE8816D903}.Release|ARM64.ActiveCfg = Release|Any CPU
		{7D9A59AF-CE29-4D7B-8523-D6AE8816D903}.Release|ARM64.Build.0 = Release|Any CPU
		{7D9A59AF-CE29-4D7B-8523-D6AE8816D903}.Release|iPhone.ActiveCfg = Release|Any CPU
		{7D9A59AF-CE29-4D7B-8523-D6AE8816D903}.Release|iPhone.Build.0 = Release|Any CPU
		{7D9A59AF-CE29-4D7B-8523-D6AE8816D903}.Release|iPhone.Deploy.0 = Release|Any CPU
		{7D9A59AF-CE29-4D7B-8523-D6AE8816D903}.Release|iPhoneSimulator.ActiveCfg = Release|Any CPU
		{7D9A59AF-CE29-4D7B-8523-D6AE8816D903}.Release|iPhoneSimulator.Build.0 = Release|Any CPU
		{7D9A59AF-CE29-4D7B-8523-D6AE8816D903}.Release|iPhoneSimulator.Deploy.0 = Release|Any CPU
		{7D9A59AF-CE29-4D7B-8523-D6AE8816D903}.Release|x64.ActiveCfg = Release|Any CPU
		{7D9A59AF-CE29-4D7B-8523-D6AE8816D903}.Release|x64.Build.0 = Release|Any CPU
		{7D9A59AF-CE29-4D7B-8523-D6AE8816D903}.Release|x86.ActiveCfg = Release|Any CPU
		{7D9A59AF-CE29-4D7B-8523-D6AE8816D903}.Release|x86.Build.0 = Release|Any CPU
		{DC652F9D-F91A-498E-A7EF-B56A619EB8EC}.Ad-Hoc|Any CPU.ActiveCfg = Debug|Any CPU
		{DC652F9D-F91A-498E-A7EF-B56A619EB8EC}.Ad-Hoc|Any CPU.Build.0 = Debug|Any CPU
		{DC652F9D-F91A-498E-A7EF-B56A619EB8EC}.Ad-Hoc|ARM.ActiveCfg = Debug|Any CPU
		{DC652F9D-F91A-498E-A7EF-B56A619EB8EC}.Ad-Hoc|ARM.Build.0 = Debug|Any CPU
		{DC652F9D-F91A-498E-A7EF-B56A619EB8EC}.Ad-Hoc|ARM64.ActiveCfg = Debug|Any CPU
		{DC652F9D-F91A-498E-A7EF-B56A619EB8EC}.Ad-Hoc|ARM64.Build.0 = Debug|Any CPU
		{DC652F9D-F91A-498E-A7EF-B56A619EB8EC}.Ad-Hoc|iPhone.ActiveCfg = Debug|Any CPU
		{DC652F9D-F91A-498E-A7EF-B56A619EB8EC}.Ad-Hoc|iPhone.Build.0 = Debug|Any CPU
		{DC652F9D-F91A-498E-A7EF-B56A619EB8EC}.Ad-Hoc|iPhoneSimulator.ActiveCfg = Debug|Any CPU
		{DC652F9D-F91A-498E-A7EF-B56A619EB8EC}.Ad-Hoc|iPhoneSimulator.Build.0 = Debug|Any CPU
		{DC652F9D-F91A-498E-A7EF-B56A619EB8EC}.Ad-Hoc|x64.ActiveCfg = Debug|Any CPU
		{DC652F9D-F91A-498E-A7EF-B56A619EB8EC}.Ad-Hoc|x64.Build.0 = Debug|Any CPU
		{DC652F9D-F91A-498E-A7EF-B56A619EB8EC}.Ad-Hoc|x86.ActiveCfg = Debug|Any CPU
		{DC652F9D-F91A-498E-A7EF-B56A619EB8EC}.Ad-Hoc|x86.Build.0 = Debug|Any CPU
		{DC652F9D-F91A-498E-A7EF-B56A619EB8EC}.AppStore|Any CPU.ActiveCfg = Debug|Any CPU
		{DC652F9D-F91A-498E-A7EF-B56A619EB8EC}.AppStore|Any CPU.Build.0 = Debug|Any CPU
		{DC652F9D-F91A-498E-A7EF-B56A619EB8EC}.AppStore|ARM.ActiveCfg = Debug|Any CPU
		{DC652F9D-F91A-498E-A7EF-B56A619EB8EC}.AppStore|ARM.Build.0 = Debug|Any CPU
		{DC652F9D-F91A-498E-A7EF-B56A619EB8EC}.AppStore|ARM64.ActiveCfg = Debug|Any CPU
		{DC652F9D-F91A-498E-A7EF-B56A619EB8EC}.AppStore|ARM64.Build.0 = Debug|Any CPU
		{DC652F9D-F91A-498E-A7EF-B56A619EB8EC}.AppStore|iPhone.ActiveCfg = Debug|Any CPU
		{DC652F9D-F91A-498E-A7EF-B56A619EB8EC}.AppStore|iPhone.Build.0 = Debug|Any CPU
		{DC652F9D-F91A-498E-A7EF-B56A619EB8EC}.AppStore|iPhoneSimulator.ActiveCfg = Debug|Any CPU
		{DC652F9D-F91A-498E-A7EF-B56A619EB8EC}.AppStore|iPhoneSimulator.Build.0 = Debug|Any CPU
		{DC652F9D-F91A-498E-A7EF-B56A619EB8EC}.AppStore|x64.ActiveCfg = Debug|Any CPU
		{DC652F9D-F91A-498E-A7EF-B56A619EB8EC}.AppStore|x64.Build.0 = Debug|Any CPU
		{DC652F9D-F91A-498E-A7EF-B56A619EB8EC}.AppStore|x86.ActiveCfg = Debug|Any CPU
		{DC652F9D-F91A-498E-A7EF-B56A619EB8EC}.AppStore|x86.Build.0 = Debug|Any CPU
		{DC652F9D-F91A-498E-A7EF-B56A619EB8EC}.Debug|Any CPU.ActiveCfg = Debug|Any CPU
		{DC652F9D-F91A-498E-A7EF-B56A619EB8EC}.Debug|Any CPU.Build.0 = Debug|Any CPU
		{DC652F9D-F91A-498E-A7EF-B56A619EB8EC}.Debug|ARM.ActiveCfg = Debug|Any CPU
		{DC652F9D-F91A-498E-A7EF-B56A619EB8EC}.Debug|ARM.Build.0 = Debug|Any CPU
		{DC652F9D-F91A-498E-A7EF-B56A619EB8EC}.Debug|ARM64.ActiveCfg = Debug|Any CPU
		{DC652F9D-F91A-498E-A7EF-B56A619EB8EC}.Debug|ARM64.Build.0 = Debug|Any CPU
		{DC652F9D-F91A-498E-A7EF-B56A619EB8EC}.Debug|iPhone.ActiveCfg = Debug|Any CPU
		{DC652F9D-F91A-498E-A7EF-B56A619EB8EC}.Debug|iPhone.Build.0 = Debug|Any CPU
		{DC652F9D-F91A-498E-A7EF-B56A619EB8EC}.Debug|iPhoneSimulator.ActiveCfg = Debug|Any CPU
		{DC652F9D-F91A-498E-A7EF-B56A619EB8EC}.Debug|iPhoneSimulator.Build.0 = Debug|Any CPU
		{DC652F9D-F91A-498E-A7EF-B56A619EB8EC}.Debug|x64.ActiveCfg = Debug|Any CPU
		{DC652F9D-F91A-498E-A7EF-B56A619EB8EC}.Debug|x64.Build.0 = Debug|Any CPU
		{DC652F9D-F91A-498E-A7EF-B56A619EB8EC}.Debug|x86.ActiveCfg = Debug|Any CPU
		{DC652F9D-F91A-498E-A7EF-B56A619EB8EC}.Debug|x86.Build.0 = Debug|Any CPU
		{DC652F9D-F91A-498E-A7EF-B56A619EB8EC}.Release|Any CPU.ActiveCfg = Release|Any CPU
		{DC652F9D-F91A-498E-A7EF-B56A619EB8EC}.Release|Any CPU.Build.0 = Release|Any CPU
		{DC652F9D-F91A-498E-A7EF-B56A619EB8EC}.Release|ARM.ActiveCfg = Release|Any CPU
		{DC652F9D-F91A-498E-A7EF-B56A619EB8EC}.Release|ARM.Build.0 = Release|Any CPU
		{DC652F9D-F91A-498E-A7EF-B56A619EB8EC}.Release|ARM64.ActiveCfg = Release|Any CPU
		{DC652F9D-F91A-498E-A7EF-B56A619EB8EC}.Release|ARM64.Build.0 = Release|Any CPU
		{DC652F9D-F91A-498E-A7EF-B56A619EB8EC}.Release|iPhone.ActiveCfg = Release|Any CPU
		{DC652F9D-F91A-498E-A7EF-B56A619EB8EC}.Release|iPhone.Build.0 = Release|Any CPU
		{DC652F9D-F91A-498E-A7EF-B56A619EB8EC}.Release|iPhoneSimulator.ActiveCfg = Release|Any CPU
		{DC652F9D-F91A-498E-A7EF-B56A619EB8EC}.Release|iPhoneSimulator.Build.0 = Release|Any CPU
		{DC652F9D-F91A-498E-A7EF-B56A619EB8EC}.Release|x64.ActiveCfg = Release|Any CPU
		{DC652F9D-F91A-498E-A7EF-B56A619EB8EC}.Release|x64.Build.0 = Release|Any CPU
		{DC652F9D-F91A-498E-A7EF-B56A619EB8EC}.Release|x86.ActiveCfg = Release|Any CPU
		{DC652F9D-F91A-498E-A7EF-B56A619EB8EC}.Release|x86.Build.0 = Release|Any CPU
		{BEE5C870-4A66-4DC5-A585-018B83378087}.Ad-Hoc|Any CPU.ActiveCfg = Debug|Any CPU
		{BEE5C870-4A66-4DC5-A585-018B83378087}.Ad-Hoc|Any CPU.Build.0 = Debug|Any CPU
		{BEE5C870-4A66-4DC5-A585-018B83378087}.Ad-Hoc|ARM.ActiveCfg = Debug|Any CPU
		{BEE5C870-4A66-4DC5-A585-018B83378087}.Ad-Hoc|ARM.Build.0 = Debug|Any CPU
		{BEE5C870-4A66-4DC5-A585-018B83378087}.Ad-Hoc|ARM64.ActiveCfg = Debug|Any CPU
		{BEE5C870-4A66-4DC5-A585-018B83378087}.Ad-Hoc|ARM64.Build.0 = Debug|Any CPU
		{BEE5C870-4A66-4DC5-A585-018B83378087}.Ad-Hoc|iPhone.ActiveCfg = Debug|Any CPU
		{BEE5C870-4A66-4DC5-A585-018B83378087}.Ad-Hoc|iPhone.Build.0 = Debug|Any CPU
		{BEE5C870-4A66-4DC5-A585-018B83378087}.Ad-Hoc|iPhoneSimulator.ActiveCfg = Debug|Any CPU
		{BEE5C870-4A66-4DC5-A585-018B83378087}.Ad-Hoc|iPhoneSimulator.Build.0 = Debug|Any CPU
		{BEE5C870-4A66-4DC5-A585-018B83378087}.Ad-Hoc|x64.ActiveCfg = Debug|Any CPU
		{BEE5C870-4A66-4DC5-A585-018B83378087}.Ad-Hoc|x64.Build.0 = Debug|Any CPU
		{BEE5C870-4A66-4DC5-A585-018B83378087}.Ad-Hoc|x86.ActiveCfg = Debug|Any CPU
		{BEE5C870-4A66-4DC5-A585-018B83378087}.Ad-Hoc|x86.Build.0 = Debug|Any CPU
		{BEE5C870-4A66-4DC5-A585-018B83378087}.AppStore|Any CPU.ActiveCfg = Debug|Any CPU
		{BEE5C870-4A66-4DC5-A585-018B83378087}.AppStore|Any CPU.Build.0 = Debug|Any CPU
		{BEE5C870-4A66-4DC5-A585-018B83378087}.AppStore|ARM.ActiveCfg = Debug|Any CPU
		{BEE5C870-4A66-4DC5-A585-018B83378087}.AppStore|ARM.Build.0 = Debug|Any CPU
		{BEE5C870-4A66-4DC5-A585-018B83378087}.AppStore|ARM64.ActiveCfg = Debug|Any CPU
		{BEE5C870-4A66-4DC5-A585-018B83378087}.AppStore|ARM64.Build.0 = Debug|Any CPU
		{BEE5C870-4A66-4DC5-A585-018B83378087}.AppStore|iPhone.ActiveCfg = Debug|Any CPU
		{BEE5C870-4A66-4DC5-A585-018B83378087}.AppStore|iPhone.Build.0 = Debug|Any CPU
		{BEE5C870-4A66-4DC5-A585-018B83378087}.AppStore|iPhoneSimulator.ActiveCfg = Debug|Any CPU
		{BEE5C870-4A66-4DC5-A585-018B83378087}.AppStore|iPhoneSimulator.Build.0 = Debug|Any CPU
		{BEE5C870-4A66-4DC5-A585-018B83378087}.AppStore|x64.ActiveCfg = Debug|Any CPU
		{BEE5C870-4A66-4DC5-A585-018B83378087}.AppStore|x64.Build.0 = Debug|Any CPU
		{BEE5C870-4A66-4DC5-A585-018B83378087}.AppStore|x86.ActiveCfg = Debug|Any CPU
		{BEE5C870-4A66-4DC5-A585-018B83378087}.AppStore|x86.Build.0 = Debug|Any CPU
		{BEE5C870-4A66-4DC5-A585-018B83378087}.Debug|Any CPU.ActiveCfg = Debug|Any CPU
		{BEE5C870-4A66-4DC5-A585-018B83378087}.Debug|Any CPU.Build.0 = Debug|Any CPU
		{BEE5C870-4A66-4DC5-A585-018B83378087}.Debug|ARM.ActiveCfg = Debug|Any CPU
		{BEE5C870-4A66-4DC5-A585-018B83378087}.Debug|ARM.Build.0 = Debug|Any CPU
		{BEE5C870-4A66-4DC5-A585-018B83378087}.Debug|ARM64.ActiveCfg = Debug|Any CPU
		{BEE5C870-4A66-4DC5-A585-018B83378087}.Debug|ARM64.Build.0 = Debug|Any CPU
		{BEE5C870-4A66-4DC5-A585-018B83378087}.Debug|iPhone.ActiveCfg = Debug|Any CPU
		{BEE5C870-4A66-4DC5-A585-018B83378087}.Debug|iPhone.Build.0 = Debug|Any CPU
		{BEE5C870-4A66-4DC5-A585-018B83378087}.Debug|iPhoneSimulator.ActiveCfg = Debug|Any CPU
		{BEE5C870-4A66-4DC5-A585-018B83378087}.Debug|iPhoneSimulator.Build.0 = Debug|Any CPU
		{BEE5C870-4A66-4DC5-A585-018B83378087}.Debug|x64.ActiveCfg = Debug|Any CPU
		{BEE5C870-4A66-4DC5-A585-018B83378087}.Debug|x64.Build.0 = Debug|Any CPU
		{BEE5C870-4A66-4DC5-A585-018B83378087}.Debug|x86.ActiveCfg = Debug|Any CPU
		{BEE5C870-4A66-4DC5-A585-018B83378087}.Debug|x86.Build.0 = Debug|Any CPU
		{BEE5C870-4A66-4DC5-A585-018B83378087}.Release|Any CPU.ActiveCfg = Release|Any CPU
		{BEE5C870-4A66-4DC5-A585-018B83378087}.Release|Any CPU.Build.0 = Release|Any CPU
		{BEE5C870-4A66-4DC5-A585-018B83378087}.Release|ARM.ActiveCfg = Release|Any CPU
		{BEE5C870-4A66-4DC5-A585-018B83378087}.Release|ARM.Build.0 = Release|Any CPU
		{BEE5C870-4A66-4DC5-A585-018B83378087}.Release|ARM64.ActiveCfg = Release|Any CPU
		{BEE5C870-4A66-4DC5-A585-018B83378087}.Release|ARM64.Build.0 = Release|Any CPU
		{BEE5C870-4A66-4DC5-A585-018B83378087}.Release|iPhone.ActiveCfg = Release|Any CPU
		{BEE5C870-4A66-4DC5-A585-018B83378087}.Release|iPhone.Build.0 = Release|Any CPU
		{BEE5C870-4A66-4DC5-A585-018B83378087}.Release|iPhoneSimulator.ActiveCfg = Release|Any CPU
		{BEE5C870-4A66-4DC5-A585-018B83378087}.Release|iPhoneSimulator.Build.0 = Release|Any CPU
		{BEE5C870-4A66-4DC5-A585-018B83378087}.Release|x64.ActiveCfg = Release|Any CPU
		{BEE5C870-4A66-4DC5-A585-018B83378087}.Release|x64.Build.0 = Release|Any CPU
		{BEE5C870-4A66-4DC5-A585-018B83378087}.Release|x86.ActiveCfg = Release|Any CPU
		{BEE5C870-4A66-4DC5-A585-018B83378087}.Release|x86.Build.0 = Release|Any CPU
	EndGlobalSection
	GlobalSection(SolutionProperties) = preSolution
		HideSolutionNode = FALSE
	EndGlobalSection
	GlobalSection(ExtensibilityGlobals) = postSolution
		SolutionGuid = {9FE3B89E-9E0B-4B9F-A940-8EB3DF9DDB82}
	EndGlobalSection
EndGlobal
